{
  "originHash" : "4585787270eb002ead11de8459aff827f25174455178689d845213dafa44ba1c",
  "pins" : [
    {
      "identity" : "adaptysdk-ios",
      "kind" : "remoteSourceControl",
      "location" : "https://github.com/adaptyteam/AdaptySDK-iOS",
      "state" : {
        "revision" : "57ff833da7ff65e9b800c5d0ab746b95a41e8071",
        "version" : "3.11.0"
      }
    }
  ],
  "version" : 3
}
