{
  "originHash" : "de265da1ffbc1a9fc2a2f6d457f671c5fb155fe33f11dc27c8d0813ff8b223c2",
  "pins" : [
    {
      "identity" : "adaptysdk-ios",
      "kind" : "remoteSourceControl",
      "location" : "https://github.com/adaptyteam/AdaptySDK-iOS.git",
      "state" : {
        "revision" : "271f8c0fa34d01ad6e623909edb77291d4cbea12",
        "version" : "3.3.3"
      }
    }
  ],
  "version" : 3
}
